[[package]]
name = "oxc"
version = "0.1.0"
dependencies = [
 "peek-nth 0.2.0 (registry+https://github.com/rust-lang/crates.io-index)",
]

[[package]]
name = "peek-nth"
version = "0.2.0"
source = "registry+https://github.com/rust-lang/crates.io-index"
dependencies = [
 "smallvec 0.6.4 (registry+https://github.com/rust-lang/crates.io-index)",
]

[[package]]
name = "smallvec"
version = "0.6.4"
source = "registry+https://github.com/rust-lang/crates.io-index"
dependencies = [
 "unreachable 1.0.0 (registry+https://github.com/rust-lang/crates.io-index)",
]

[[package]]
name = "unreachable"
version = "1.0.0"
source = "registry+https://github.com/rust-lang/crates.io-index"
dependencies = [
 "void 1.0.2 (registry+https://github.com/rust-lang/crates.io-index)",
]

[[package]]
name = "void"
version = "1.0.2"
source = "registry+https://github.com/rust-lang/crates.io-index"

[metadata]
"checksum peek-nth 0.2.0 (registry+https://github.com/rust-lang/crates.io-index)" = "fb7a9ed6377ba979ee205df10c62755c97594d0aae99a34ea0b7c02766de1fed"
"checksum smallvec 0.6.4 (registry+https://github.com/rust-lang/crates.io-index)" = "211a489e65e94b103926d2054ae515a1cdb5d515ea0ef414fee23b7e043ce748"
"checksum unreachable 1.0.0 (registry+https://github.com/rust-lang/crates.io-index)" = "382810877fe448991dfc7f0dd6e3ae5d58088fd0ea5e35189655f84e6814fa56"
"checksum void 1.0.2 (registry+https://github.com/rust-lang/crates.io-index)" = "6a02e4885ed3bc0f2de90ea6dd45ebcbb66dacffe03547fadbb0eeae2770887d"
